// !$*UTF8*$!
{
	archiveVersion = 1;
	classes = {
	};
	objectVersion = 46;
	objects = {

/* Begin PBXBuildFile section */
		69702A381D40978000859E07 /* AppDelegate.swift in Sources */ = {isa = PBXBuildFile; fileRef = 69702A371D40978000859E07 /* AppDelegate.swift */; };
		69702A3A1D40978000859E07 /* ViewController.swift in Sources */ = {isa = PBXBuildFile; fileRef = 69702A391D40978000859E07 /* ViewController.swift */; };
		69702A3D1D40978000859E07 /* Main.storyboard in Resources */ = {isa = PBXBuildFile; fileRef = 69702A3B1D40978000859E07 /* Main.storyboard */; };
		69702A3F1D40978000859E07 /* Assets.xcassets in Resources */ = {isa = PBXBuildFile; fileRef = 69702A3E1D40978000859E07 /* Assets.xcassets */; };
		69702A421D40978000859E07 /* LaunchScreen.storyboard in Resources */ = {isa = PBXBuildFile; fileRef = 69702A401D40978000859E07 /* LaunchScreen.storyboard */; };
		69702A4D1D40978000859E07 /* constraintAppTests.swift in Sources */ = {isa = PBXBuildFile; fileRef = 69702A4C1D40978000859E07 /* constraintAppTests.swift */; };
		69702A581D40978000859E07 /* constraintAppUITests.swift in Sources */ = {isa = PBXBuildFile; fileRef = 69702A571D40978000859E07 /* constraintAppUITests.swift */; };
		69702A7C1D4097AC00859E07 /* aboutapp.png in Resources */ = {isa = PBXBuildFile; fileRef = 69702A651D4097AC00859E07 /* aboutapp.png */; };
		69702A7D1D4097AC00859E07 /* bg.png in Resources */ = {isa = PBXBuildFile; fileRef = 69702A661D4097AC00859E07 /* bg.png */; };
		69702A7E1D4097AC00859E07 /* blue.png in Resources */ = {isa = PBXBuildFile; fileRef = 69702A671D4097AC00859E07 /* blue.png */; };
		69702A7F1D4097AC00859E07 /* Blurrybg.png in Resources */ = {isa = PBXBuildFile; fileRef = 69702A681D4097AC00859E07 /* Blurrybg.png */; };
		69702A801D4097AC00859E07 /* Cal.png in Resources */ = {isa = PBXBuildFile; fileRef = 69702A691D4097AC00859E07 /* Cal.png */; };
		69702A811D4097AC00859E07 /* fb.png in Resources */ = {isa = PBXBuildFile; fileRef = 69702A6A1D4097AC00859E07 /* fb.png */; };
		69702A821D4097AC00859E07 /* green.png in Resources */ = {isa = PBXBuildFile; fileRef = 69702A6B1D4097AC00859E07 /* green.png */; };
		69702A831D4097AC00859E07 /* header.png in Resources */ = {isa = PBXBuildFile; fileRef = 69702A6C1D4097AC00859E07 /* header.png */; };
		69702A841D4097AC00859E07 /* logo.png in Resources */ = {isa = PBXBuildFile; fileRef = 69702A6D1D4097AC00859E07 /* logo.png */; };
		69702A851D4097AC00859E07 /* logout.png in Resources */ = {isa = PBXBuildFile; fileRef = 69702A6E1D4097AC00859E07 /* logout.png */; };
		69702A861D4097AC00859E07 /* mail.png in Resources */ = {isa = PBXBuildFile; fileRef = 69702A6F1D4097AC00859E07 /* mail.png */; };
		69702A871D4097AC00859E07 /* map.png in Resources */ = {isa = PBXBuildFile; fileRef = 69702A701D4097AC00859E07 /* map.png */; };
		69702A881D4097AC00859E07 /* menu.png in Resources */ = {isa = PBXBuildFile; fileRef = 69702A711D4097AC00859E07 /* menu.png */; };
		69702A891D4097AC00859E07 /* name.png in Resources */ = {isa = PBXBuildFile; fileRef = 69702A721D4097AC00859E07 /* name.png */; };
		69702A8A1D4097AC00859E07 /* password.png in Resources */ = {isa = PBXBuildFile; fileRef = 69702A731D4097AC00859E07 /* password.png */; };
		69702A8B1D4097AC00859E07 /* pause.png in Resources */ = {isa = PBXBuildFile; fileRef = 69702A741D4097AC00859E07 /* pause.png */; };
		69702A8C1D4097AC00859E07 /* plainbg.png in Resources */ = {isa = PBXBuildFile; fileRef = 69702A751D4097AC00859E07 /* plainbg.png */; };
		69702A8D1D4097AC00859E07 /* start.png in Resources */ = {isa = PBXBuildFile; fileRef = 69702A761D4097AC00859E07 /* start.png */; };
		69702A8E1D4097AC00859E07 /* stepsget.png in Resources */ = {isa = PBXBuildFile; fileRef = 69702A771D4097AC00859E07 /* stepsget.png */; };
		69702A8F1D4097AC00859E07 /* textfieldBG.png in Resources */ = {isa = PBXBuildFile; fileRef = 69702A781D4097AC00859E07 /* textfieldBG.png */; };
		69702A901D4097AC00859E07 /* textget.png in Resources */ = {isa = PBXBuildFile; fileRef = 69702A791D4097AC00859E07 /* textget.png */; };
		69702A911D4097AC00859E07 /* username.png in Resources */ = {isa = PBXBuildFile; fileRef = 69702A7A1D4097AC00859E07 /* username.png */; };
		69702A9B1D4097C700859E07 /* TPKeyboardAvoidingCollectionView.m in Sources */ = {isa = PBXBuildFile; fileRef = 69702A931D4097C700859E07 /* TPKeyboardAvoidingCollectionView.m */; };
		69702A9C1D4097C700859E07 /* TPKeyboardAvoidingScrollView.m in Sources */ = {isa = PBXBuildFile; fileRef = 69702A951D4097C700859E07 /* TPKeyboardAvoidingScrollView.m */; };
		69702A9D1D4097C700859E07 /* TPKeyboardAvoidingTableView.m in Sources */ = {isa = PBXBuildFile; fileRef = 69702A971D4097C700859E07 /* TPKeyboardAvoidingTableView.m */; };
		69702A9E1D4097C700859E07 /* UIScrollView+TPKeyboardAvoidingAdditions.m in Sources */ = {isa = PBXBuildFile; fileRef = 69702A991D4097C700859E07 /* UIScrollView+TPKeyboardAvoidingAdditions.m */; };
/* End PBXBuildFile section */

/* Begin PBXContainerItemProxy section */
		69702A491D40978000859E07 /* PBXContainerItemProxy */ = {
			isa = PBXContainerItemProxy;
			containerPortal = 69702A2C1D40978000859E07 /* Project object */;
			proxyType = 1;
			remoteGlobalIDString = 69702A331D40978000859E07;
			remoteInfo = constraintApp;
		};
		69702A541D40978000859E07 /* PBXContainerItemProxy */ = {
			isa = PBXContainerItemProxy;
			containerPortal = 69702A2C1D40978000859E07 /* Project object */;
			proxyType = 1;
			remoteGlobalIDString = 69702A331D40978000859E07;
			remoteInfo = constraintApp;
		};
/* End PBXContainerItemProxy section */

/* Begin PBXFileReference section */
		69702A341D40978000859E07 /* constraintApp.app */ = {isa = PBXFileReference; explicitFileType = wrapper.application; includeInIndex = 0; path = constraintApp.app; sourceTree = BUILT_PRODUCTS_DIR; };
		69702A371D40978000859E07 /* AppDelegate.swift */ = {isa = PBXFileReference; lastKnownFileType = sourcecode.swift; path = AppDelegate.swift; sourceTree = "<group>"; };
		69702A391D40978000859E07 /* ViewController.swift */ = {isa = PBXFileReference; lastKnownFileType = sourcecode.swift; path = ViewController.swift; sourceTree = "<group>"; };
		69702A3C1D40978000859E07 /* Base */ = {isa = PBXFileReference; lastKnownFileType = file.storyboard; name = Base; path = Base.lproj/Main.storyboard; sourceTree = "<group>"; };
		69702A3E1D40978000859E07 /* Assets.xcassets */ = {isa = PBXFileReference; lastKnownFileType = folder.assetcatalog; path = Assets.xcassets; sourceTree = "<group>"; };
		69702A411D40978000859E07 /* Base */ = {isa = PBXFileReference; lastKnownFileType = file.storyboard; name = Base; path = Base.lproj/LaunchScreen.storyboard; sourceTree = "<group>"; };
		69702A431D40978000859E07 /* Info.plist */ = {isa = PBXFileReference; lastKnownFileType = text.plist.xml; path = Info.plist; sourceTree = "<group>"; };
		69702A481D40978000859E07 /* constraintAppTests.xctest */ = {isa = PBXFileReference; explicitFileType = wrapper.cfbundle; includeInIndex = 0; path = constraintAppTests.xctest; sourceTree = BUILT_PRODUCTS_DIR; };
		69702A4C1D40978000859E07 /* constraintAppTests.swift */ = {isa = PBXFileReference; lastKnownFileType = sourcecode.swift; path = constraintAppTests.swift; sourceTree = "<group>"; };
		69702A4E1D40978000859E07 /* Info.plist */ = {isa = PBXFileReference; lastKnownFileType = text.plist.xml; path = Info.plist; sourceTree = "<group>"; };
		69702A531D40978000859E07 /* constraintAppUITests.xctest */ = {isa = PBXFileReference; explicitFileType = wrapper.cfbundle; includeInIndex = 0; path = constraintAppUITests.xctest; sourceTree = BUILT_PRODUCTS_DIR; };
		69702A571D40978000859E07 /* constraintAppUITests.swift */ = {isa = PBXFileReference; lastKnownFileType = sourcecode.swift; path = constraintAppUITests.swift; sourceTree = "<group>"; };
		69702A591D40978000859E07 /* Info.plist */ = {isa = PBXFileReference; lastKnownFileType = text.plist.xml; path = Info.plist; sourceTree = "<group>"; };
		69702A651D4097AC00859E07 /* aboutapp.png */ = {isa = PBXFileReference; lastKnownFileType = image.png; path = aboutapp.png; sourceTree = "<group>"; };
		69702A661D4097AC00859E07 /* bg.png */ = {isa = PBXFileReference; lastKnownFileType = image.png; path = bg.png; sourceTree = "<group>"; };
		69702A671D4097AC00859E07 /* blue.png */ = {isa = PBXFileReference; lastKnownFileType = image.png; path = blue.png; sourceTree = "<group>"; };
		69702A681D4097AC00859E07 /* Blurrybg.png */ = {isa = PBXFileReference; lastKnownFileType = image.png; path = Blurrybg.png; sourceTree = "<group>"; };
		69702A691D4097AC00859E07 /* Cal.png */ = {isa = PBXFileReference; lastKnownFileType = image.png; path = Cal.png; sourceTree = "<group>"; };
		69702A6A1D4097AC00859E07 /* fb.png */ = {isa = PBXFileReference; lastKnownFileType = image.png; path = fb.png; sourceTree = "<group>"; };
		69702A6B1D4097AC00859E07 /* green.png */ = {isa = PBXFileReference; lastKnownFileType = image.png; path = green.png; sourceTree = "<group>"; };
		69702A6C1D4097AC00859E07 /* header.png */ = {isa = PBXFileReference; lastKnownFileType = image.png; path = header.png; sourceTree = "<group>"; };
		69702A6D1D4097AC00859E07 /* logo.png */ = {isa = PBXFileReference; lastKnownFileType = image.png; path = logo.png; sourceTree = "<group>"; };
		69702A6E1D4097AC00859E07 /* logout.png */ = {isa = PBXFileReference; lastKnownFileType = image.png; path = logout.png; sourceTree = "<group>"; };
		69702A6F1D4097AC00859E07 /* mail.png */ = {isa = PBXFileReference; lastKnownFileType = image.png; path = mail.png; sourceTree = "<group>"; };
		69702A701D4097AC00859E07 /* map.png */ = {isa = PBXFileReference; lastKnownFileType = image.png; path = map.png; sourceTree = "<group>"; };
		69702A711D4097AC00859E07 /* menu.png */ = {isa = PBXFileReference; lastKnownFileType = image.png; path = menu.png; sourceTree = "<group>"; };
		69702A721D4097AC00859E07 /* name.png */ = {isa = PBXFileReference; lastKnownFileType = image.png; path = name.png; sourceTree = "<group>"; };
		69702A731D4097AC00859E07 /* password.png */ = {isa = PBXFileReference; lastKnownFileType = image.png; path = password.png; sourceTree = "<group>"; };
		69702A741D4097AC00859E07 /* pause.png */ = {isa = PBXFileReference; lastKnownFileType = image.png; path = pause.png; sourceTree = "<group>"; };
		69702A751D4097AC00859E07 /* plainbg.png */ = {isa = PBXFileReference; lastKnownFileType = image.png; path = plainbg.png; sourceTree = "<group>"; };
		69702A761D4097AC00859E07 /* start.png */ = {isa = PBXFileReference; lastKnownFileType = image.png; path = start.png; sourceTree = "<group>"; };
		69702A771D4097AC00859E07 /* stepsget.png */ = {isa = PBXFileReference; lastKnownFileType = image.png; path = stepsget.png; sourceTree = "<group>"; };
		69702A781D4097AC00859E07 /* textfieldBG.png */ = {isa = PBXFileReference; lastKnownFileType = image.png; path = textfieldBG.png; sourceTree = "<group>"; };
		69702A791D4097AC00859E07 /* textget.png */ = {isa = PBXFileReference; lastKnownFileType = image.png; path = textget.png; sourceTree = "<group>"; };
		69702A7A1D4097AC00859E07 /* username.png */ = {isa = PBXFileReference; lastKnownFileType = image.png; path = username.png; sourceTree = "<group>"; };
		69702A921D4097C700859E07 /* TPKeyboardAvoidingCollectionView.h */ = {isa = PBXFileReference; fileEncoding = 4; lastKnownFileType = sourcecode.c.h; name = TPKeyboardAvoidingCollectionView.h; path = ../TPKeyboardAvoidingCollectionView.h; sourceTree = "<group>"; };
		69702A931D4097C700859E07 /* TPKeyboardAvoidingCollectionView.m */ = {isa = PBXFileReference; fileEncoding = 4; lastKnownFileType = sourcecode.c.objc; name = TPKeyboardAvoidingCollectionView.m; path = ../TPKeyboardAvoidingCollectionView.m; sourceTree = "<group>"; };
		69702A941D4097C700859E07 /* TPKeyboardAvoidingScrollView.h */ = {isa = PBXFileReference; fileEncoding = 4; lastKnownFileType = sourcecode.c.h; name = TPKeyboardAvoidingScrollView.h; path = ../TPKeyboardAvoidingScrollView.h; sourceTree = "<group>"; };
		69702A951D4097C700859E07 /* TPKeyboardAvoidingScrollView.m */ = {isa = PBXFileReference; fileEncoding = 4; lastKnownFileType = sourcecode.c.objc; name = TPKeyboardAvoidingScrollView.m; path = ../TPKeyboardAvoidingScrollView.m; sourceTree = "<group>"; };
		69702A961D4097C700859E07 /* TPKeyboardAvoidingTableView.h */ = {isa = PBXFileReference; fileEncoding = 4; lastKnownFileType = sourcecode.c.h; name = TPKeyboardAvoidingTableView.h; path = ../TPKeyboardAvoidingTableView.h; sourceTree = "<group>"; };
		69702A971D4097C700859E07 /* TPKeyboardAvoidingTableView.m */ = {isa = PBXFileReference; fileEncoding = 4; lastKnownFileType = sourcecode.c.objc; name = TPKeyboardAvoidingTableView.m; path = ../TPKeyboardAvoidingTableView.m; sourceTree = "<group>"; };
		69702A981D4097C700859E07 /* UIScrollView+TPKeyboardAvoidingAdditions.h */ = {isa = PBXFileReference; fileEncoding = 4; lastKnownFileType = sourcecode.c.h; name = "UIScrollView+TPKeyboardAvoidingAdditions.h"; path = "../UIScrollView+TPKeyboardAvoidingAdditions.h"; sourceTree = "<group>"; };
		69702A991D4097C700859E07 /* UIScrollView+TPKeyboardAvoidingAdditions.m */ = {isa = PBXFileReference; fileEncoding = 4; lastKnownFileType = sourcecode.c.objc; name = "UIScrollView+TPKeyboardAvoidingAdditions.m"; path = "../UIScrollView+TPKeyboardAvoidingAdditions.m"; sourceTree = "<group>"; };
		69702AA01D409E4800859E07 /* Constraint-Bridging-Header.h */ = {isa = PBXFileReference; lastKnownFileType = sourcecode.c.h; path = "Constraint-Bridging-Header.h"; sourceTree = "<group>"; };
/* End PBXFileReference section */

/* Begin PBXFrameworksBuildPhase section */
		69702A311D40978000859E07 /* Frameworks */ = {
			isa = PBXFrameworksBuildPhase;
			buildActionMask = 2147483647;
			files = (
			);
			runOnlyForDeploymentPostprocessing = 0;
		};
		69702A451D40978000859E07 /* Frameworks */ = {
			isa = PBXFrameworksBuildPhase;
			buildActionMask = 2147483647;
			files = (
			);
			runOnlyForDeploymentPostprocessing = 0;
		};
		69702A501D40978000859E07 /* Frameworks */ = {
			isa = PBXFrameworksBuildPhase;
			buildActionMask = 2147483647;
			files = (
			);
			runOnlyForDeploymentPostprocessing = 0;
		};
/* End PBXFrameworksBuildPhase section */

/* Begin PBXGroup section */
		69702A2B1D40978000859E07 = {
			isa = PBXGroup;
			children = (
				69702AA01D409E4800859E07 /* Constraint-Bridging-Header.h */,
				69702A9A1D4097C700859E07 /* Keyboard */,
				69702A7B1D4097AC00859E07 /* IMages */,
				69702A361D40978000859E07 /* constraintApp */,
				69702A4B1D40978000859E07 /* constraintAppTests */,
				69702A561D40978000859E07 /* constraintAppUITests */,
				69702A351D40978000859E07 /* Products */,
			);
			sourceTree = "<group>";
		};
		69702A351D40978000859E07 /* Products */ = {
			isa = PBXGroup;
			children = (
				69702A341D40978000859E07 /* constraintApp.app */,
				69702A481D40978000859E07 /* constraintAppTests.xctest */,
				69702A531D40978000859E07 /* constraintAppUITests.xctest */,
			);
			name = Products;
			sourceTree = "<group>";
		};
		69702A361D40978000859E07 /* constraintApp */ = {
			isa = PBXGroup;
			children = (
				69702A371D40978000859E07 /* AppDelegate.swift */,
				69702A391D40978000859E07 /* ViewController.swift */,
				69702A3B1D40978000859E07 /* Main.storyboard */,
				69702A3E1D40978000859E07 /* Assets.xcassets */,
				69702A401D40978000859E07 /* LaunchScreen.storyboard */,
				69702A431D40978000859E07 /* Info.plist */,
			);
			path = constraintApp;
			sourceTree = "<group>";
		};
		69702A4B1D40978000859E07 /* constraintAppTests */ = {
			isa = PBXGroup;
			children = (
				69702A4C1D40978000859E07 /* constraintAppTests.swift */,
				69702A4E1D40978000859E07 /* Info.plist */,
			);
			path = constraintAppTests;
			sourceTree = "<group>";
		};
		69702A561D40978000859E07 /* constraintAppUITests */ = {
			isa = PBXGroup;
			children = (
				69702A571D40978000859E07 /* constraintAppUITests.swift */,
				69702A591D40978000859E07 /* Info.plist */,
			);
			path = constraintAppUITests;
			sourceTree = "<group>";
		};
		69702A7B1D4097AC00859E07 /* IMages */ = {
			isa = PBXGroup;
			children = (
				69702A651D4097AC00859E07 /* aboutapp.png */,
				69702A661D4097AC00859E07 /* bg.png */,
				69702A671D4097AC00859E07 /* blue.png */,
				69702A681D4097AC00859E07 /* Blurrybg.png */,
				69702A691D4097AC00859E07 /* Cal.png */,
				69702A6A1D4097AC00859E07 /* fb.png */,
				69702A6B1D4097AC00859E07 /* green.png */,
				69702A6C1D4097AC00859E07 /* header.png */,
				69702A6D1D4097AC00859E07 /* logo.png */,
				69702A6E1D4097AC00859E07 /* logout.png */,
				69702A6F1D4097AC00859E07 /* mail.png */,
				69702A701D4097AC00859E07 /* map.png */,
				69702A711D4097AC00859E07 /* menu.png */,
				69702A721D4097AC00859E07 /* name.png */,
				69702A731D4097AC00859E07 /* password.png */,
				69702A741D4097AC00859E07 /* pause.png */,
				69702A751D4097AC00859E07 /* plainbg.png */,
				69702A761D4097AC00859E07 /* start.png */,
				69702A771D4097AC00859E07 /* stepsget.png */,
				69702A781D4097AC00859E07 /* textfieldBG.png */,
				69702A791D4097AC00859E07 /* textget.png */,
				69702A7A1D4097AC00859E07 /* username.png */,
			);
			name = IMages;
			path = ../../StepsProject/StepsDone/StepsDone/IMages;
			sourceTree = "<group>";
		};
		69702A9A1D4097C700859E07 /* Keyboard */ = {
			isa = PBXGroup;
			children = (
				69702A921D4097C700859E07 /* TPKeyboardAvoidingCollectionView.h */,
				69702A931D4097C700859E07 /* TPKeyboardAvoidingCollectionView.m */,
				69702A941D4097C700859E07 /* TPKeyboardAvoidingScrollView.h */,
				69702A951D4097C700859E07 /* TPKeyboardAvoidingScrollView.m */,
				69702A961D4097C700859E07 /* TPKeyboardAvoidingTableView.h */,
				69702A971D4097C700859E07 /* TPKeyboardAvoidingTableView.m */,
				69702A981D4097C700859E07 /* UIScrollView+TPKeyboardAvoidingAdditions.h */,
				69702A991D4097C700859E07 /* UIScrollView+TPKeyboardAvoidingAdditions.m */,
			);
			name = Keyboard;
			path = ../../StepsProject/StepsDone/StepsDone;
			sourceTree = "<group>";
		};
/* End PBXGroup section */

/* Begin PBXNativeTarget section */
		69702A331D40978000859E07 /* constraintApp */ = {
			isa = PBXNativeTarget;
			buildConfigurationList = 69702A5C1D40978000859E07 /* Build configuration list for PBXNativeTarget "constraintApp" */;
			buildPhases = (
				69702A301D40978000859E07 /* Sources */,
				69702A311D40978000859E07 /* Frameworks */,
				69702A321D40978000859E07 /* Resources */,
			);
			buildRules = (
			);
			dependencies = (
			);
			name = constraintApp;
			productName = constraintApp;
			productReference = 69702A341D40978000859E07 /* constraintApp.app */;
			productType = "com.apple.product-type.application";
		};
		69702A471D40978000859E07 /* constraintAppTests */ = {
			isa = PBXNativeTarget;
			buildConfigurationList = 69702A5F1D40978000859E07 /* Build configuration list for PBXNativeTarget "constraintAppTests" */;
			buildPhases = (
				69702A441D40978000859E07 /* Sources */,
				69702A451D40978000859E07 /* Frameworks */,
				69702A461D40978000859E07 /* Resources */,
			);
			buildRules = (
			);
			dependencies = (
				69702A4A1D40978000859E07 /* PBXTargetDependency */,
			);
			name = constraintAppTests;
			productName = constraintAppTests;
			productReference = 69702A481D40978000859E07 /* constraintAppTests.xctest */;
			productType = "com.apple.product-type.bundle.unit-test";
		};
		69702A521D40978000859E07 /* constraintAppUITests */ = {
			isa = PBXNativeTarget;
			buildConfigurationList = 69702A621D40978000859E07 /* Build configuration list for PBXNativeTarget "constraintAppUITests" */;
			buildPhases = (
				69702A4F1D40978000859E07 /* Sources */,
				69702A501D40978000859E07 /* Frameworks */,
				69702A511D40978000859E07 /* Resources */,
			);
			buildRules = (
			);
			dependencies = (
				69702A551D40978000859E07 /* PBXTargetDependency */,
			);
			name = constraintAppUITests;
			productName = constraintAppUITests;
			productReference = 69702A531D40978000859E07 /* constraintAppUITests.xctest */;
			productType = "com.apple.product-type.bundle.ui-testing";
		};
/* End PBXNativeTarget section */

/* Begin PBXProject section */
		69702A2C1D40978000859E07 /* Project object */ = {
			isa = PBXProject;
			attributes = {
				LastSwiftUpdateCheck = 0730;
				LastUpgradeCheck = 0730;
				ORGANIZATIONNAME = Fluxtech_MacMini1;
				TargetAttributes = {
					69702A331D40978000859E07 = {
						CreatedOnToolsVersion = 7.3.1;
					};
					69702A471D40978000859E07 = {
						CreatedOnToolsVersion = 7.3.1;
						TestTargetID = 69702A331D40978000859E07;
					};
					69702A521D40978000859E07 = {
						CreatedOnToolsVersion = 7.3.1;
						TestTargetID = 69702A331D40978000859E07;
					};
				};
			};
			buildConfigurationList = 69702A2F1D40978000859E07 /* Build configuration list for PBXProject "constraintApp" */;
			compatibilityVersion = "Xcode 3.2";
			developmentRegion = English;
			hasScannedForEncodings = 0;
			knownRegions = (
				en,
				Base,
			);
			mainGroup = 69702A2B1D40978000859E07;
			productRefGroup = 69702A351D40978000859E07 /* Products */;
			projectDirPath = "";
			projectRoot = "";
			targets = (
				69702A331D40978000859E07 /* constraintApp */,
				69702A471D40978000859E07 /* constraintAppTests */,
				69702A521D40978000859E07 /* constraintAppUITests */,
			);
		};
/* End PBXProject section */

/* Begin PBXResourcesBuildPhase section */
		69702A321D40978000859E07 /* Resources */ = {
			isa = PBXResourcesBuildPhase;
			buildActionMask = 2147483647;
			files = (
				69702A8F1D4097AC00859E07 /* textfieldBG.png in Resources */,
				69702A8A1D4097AC00859E07 /* password.png in Resources */,
				69702A881D4097AC00859E07 /* menu.png in Resources */,
				69702A861D4097AC00859E07 /* mail.png in Resources */,
				69702A7D1D4097AC00859E07 /* bg.png in Resources */,
				69702A421D40978000859E07 /* LaunchScreen.storyboard in Resources */,
				69702A891D4097AC00859E07 /* name.png in Resources */,
				69702A801D4097AC00859E07 /* Cal.png in Resources */,
				69702A8C1D4097AC00859E07 /* plainbg.png in Resources */,
				69702A8E1D4097AC00859E07 /* stepsget.png in Resources */,
				69702A3F1D40978000859E07 /* Assets.xcassets in Resources */,
				69702A7F1D4097AC00859E07 /* Blurrybg.png in Resources */,
				69702A811D4097AC00859E07 /* fb.png in Resources */,
				69702A851D4097AC00859E07 /* logout.png in Resources */,
				69702A831D4097AC00859E07 /* header.png in Resources */,
				69702A8D1D4097AC00859E07 /* start.png in Resources */,
				69702A871D4097AC00859E07 /* map.png in Resources */,
				69702A8B1D4097AC00859E07 /* pause.png in Resources */,
				69702A3D1D40978000859E07 /* Main.storyboard in Resources */,
				69702A901D4097AC00859E07 /* textget.png in Resources */,
				69702A911D4097AC00859E07 /* username.png in Resources */,
				69702A841D4097AC00859E07 /* logo.png in Resources */,
				69702A821D4097AC00859E07 /* green.png in Resources */,
				69702A7C1D4097AC00859E07 /* aboutapp.png in Resources */,
				69702A7E1D4097AC00859E07 /* blue.png in Resources */,
			);
			runOnlyForDeploymentPostprocessing = 0;
		};
		69702A461D40978000859E07 /* Resources */ = {
			isa = PBXResourcesBuildPhase;
			buildActionMask = 2147483647;
			files = (
			);
			runOnlyForDeploymentPostprocessing = 0;
		};
		69702A511D40978000859E07 /* Resources */ = {
			isa = PBXResourcesBuildPhase;
			buildActionMask = 2147483647;
			files = (
			);
			runOnlyForDeploymentPostprocessing = 0;
		};
/* End PBXResourcesBuildPhase section */

/* Begin PBXSourcesBuildPhase section */
		69702A301D40978000859E07 /* Sources */ = {
			isa = PBXSourcesBuildPhase;
			buildActionMask = 2147483647;
			files = (
				69702A3A1D40978000859E07 /* ViewController.swift in Sources */,
				69702A9E1D4097C700859E07 /* UIScrollView+TPKeyboardAvoidingAdditions.m in Sources */,
				69702A9D1D4097C700859E07 /* TPKeyboardAvoidingTableView.m in Sources */,
				69702A9C1D4097C700859E07 /* TPKeyboardAvoidingScrollView.m in Sources */,
				69702A9B1D4097C700859E07 /* TPKeyboardAvoidingCollectionView.m in Sources */,
				69702A381D40978000859E07 /* AppDelegate.swift in Sources */,
			);
			runOnlyForDeploymentPostprocessing = 0;
		};
		69702A441D40978000859E07 /* Sources */ = {
			isa = PBXSourcesBuildPhase;
			buildActionMask = 2147483647;
			files = (
				69702A4D1D40978000859E07 /* constraintAppTests.swift in Sources */,
			);
			runOnlyForDeploymentPostprocessing = 0;
		};
		69702A4F1D40978000859E07 /* Sources */ = {
			isa = PBXSourcesBuildPhase;
			buildActionMask = 2147483647;
			files = (
				69702A581D40978000859E07 /* constraintAppUITests.swift in Sources */,
			);
			runOnlyForDeploymentPostprocessing = 0;
		};
/* End PBXSourcesBuildPhase section */

/* Begin PBXTargetDependency section */
		69702A4A1D40978000859E07 /* PBXTargetDependency */ = {
			isa = PBXTargetDependency;
			target = 69702A331D40978000859E07 /* constraintApp */;
			targetProxy = 69702A491D40978000859E07 /* PBXContainerItemProxy */;
		};
		69702A551D40978000859E07 /* PBXTargetDependency */ = {
			isa = PBXTargetDependency;
			target = 69702A331D40978000859E07 /* constraintApp */;
			targetProxy = 69702A541D40978000859E07 /* PBXContainerItemProxy */;
		};
/* End PBXTargetDependency section */

/* Begin PBXVariantGroup section */
		69702A3B1D40978000859E07 /* Main.storyboard */ = {
			isa = PBXVariantGroup;
			children = (
				69702A3C1D40978000859E07 /* Base */,
			);
			name = Main.storyboard;
			sourceTree = "<group>";
		};
		69702A401D40978000859E07 /* LaunchScreen.storyboard */ = {
			isa = PBXVariantGroup;
			children = (
				69702A411D40978000859E07 /* Base */,
			);
			name = LaunchScreen.storyboard;
			sourceTree = "<group>";
		};
/* End PBXVariantGroup section */

/* Begin XCBuildConfiguration section */
		69702A5A1D40978000859E07 /* Debug */ = {
			isa = XCBuildConfiguration;
			buildSettings = {
				ALWAYS_SEARCH_USER_PATHS = NO;
				CLANG_ANALYZER_NONNULL = YES;
				CLANG_CXX_LANGUAGE_STANDARD = "gnu++0x";
				CLANG_CXX_LIBRARY = "libc++";
				CLANG_ENABLE_MODULES = YES;
				CLANG_ENABLE_OBJC_ARC = YES;
				CLANG_WARN_BOOL_CONVERSION = YES;
				CLANG_WARN_CONSTANT_CONVERSION = YES;
				CLANG_WARN_DIRECT_OBJC_ISA_USAGE = YES_ERROR;
				CLANG_WARN_EMPTY_BODY = YES;
				CLANG_WARN_ENUM_CONVERSION = YES;
				CLANG_WARN_INT_CONVERSION = YES;
				CLANG_WARN_OBJC_ROOT_CLASS = YES_ERROR;
				CLANG_WARN_UNREACHABLE_CODE = YES;
				CLANG_WARN__DUPLICATE_METHOD_MATCH = YES;
				"CODE_SIGN_IDENTITY[sdk=iphoneos*]" = "iPhone Developer";
				COPY_PHASE_STRIP = NO;
				DEBUG_INFORMATION_FORMAT = dwarf;
				ENABLE_STRICT_OBJC_MSGSEND = YES;
				ENABLE_TESTABILITY = YES;
				GCC_C_LANGUAGE_STANDARD = gnu99;
				GCC_DYNAMIC_NO_PIC = NO;
				GCC_NO_COMMON_BLOCKS = YES;
				GCC_OPTIMIZATION_LEVEL = 0;
				GCC_PREPROCESSOR_DEFINITIONS = (
					"DEBUG=1",
					"$(inherited)",
				);
				GCC_WARN_64_TO_32_BIT_CONVERSION = YES;
				GCC_WARN_ABOUT_RETURN_TYPE = YES_ERROR;
				GCC_WARN_UNDECLARED_SELECTOR = YES;
				GCC_WARN_UNINITIALIZED_AUTOS = YES_AGGRESSIVE;
				GCC_WARN_UNUSED_FUNCTION = YES;
				GCC_WARN_UNUSED_VARIABLE = YES;
				IPHONEOS_DEPLOYMENT_TARGET = 9.3;
				MTL_ENABLE_DEBUG_INFO = YES;
				ONLY_ACTIVE_ARCH = YES;
				SDKROOT = iphoneos;
				SWIFT_OPTIMIZATION_LEVEL = "-Onone";
				TARGETED_DEVICE_FAMILY = "1,2";
			};
			name = Debug;
		};
		69702A5B1D40978000859E07 /* Release */ = {
			isa = XCBuildConfiguration;
			buildSettings = {
				ALWAYS_SEARCH_USER_PATHS = NO;
				CLANG_ANALYZER_NONNULL = YES;
				CLANG_CXX_LANGUAGE_STANDARD = "gnu++0x";
				CLANG_CXX_LIBRARY = "libc++";
				CLANG_ENABLE_MODULES = YES;
				CLANG_ENABLE_OBJC_ARC = YES;
				CLANG_WARN_BOOL_CONVERSION = YES;
				CLANG_WARN_CONSTANT_CONVERSION = YES;
				CLANG_WARN_DIRECT_OBJC_ISA_USAGE = YES_ERROR;
				CLANG_WARN_EMPTY_BODY = YES;
				CLANG_WARN_ENUM_CONVERSION = YES;
				CLANG_WARN_INT_CONVERSION = YES;
				CLANG_WARN_OBJC_ROOT_CLASS = YES_ERROR;
				CLANG_WARN_UNREACHABLE_CODE = YES;
				CLANG_WARN__DUPLICATE_METHOD_MATCH = YES;
				"CODE_SIGN_IDENTITY[sdk=iphoneos*]" = "iPhone Developer";
				COPY_PHASE_STRIP = NO;
				DEBUG_INFORMATION_FORMAT = "dwarf-with-dsym";
				ENABLE_NS_ASSERTIONS = NO;
				ENABLE_STRICT_OBJC_MSGSEND = YES;
				GCC_C_LANGUAGE_STANDARD = gnu99;
				GCC_NO_COMMON_BLOCKS = YES;
				GCC_WARN_64_TO_32_BIT_CONVERSION = YES;
				GCC_WARN_ABOUT_RETURN_TYPE = YES_ERROR;
				GCC_WARN_UNDECLARED_SELECTOR = YES;
				GCC_WARN_UNINITIALIZED_AUTOS = YES_AGGRESSIVE;
				GCC_WARN_UNUSED_FUNCTION = YES;
				GCC_WARN_UNUSED_VARIABLE = YES;
				IPHONEOS_DEPLOYMENT_TARGET = 9.3;
				MTL_ENABLE_DEBUG_INFO = NO;
				SDKROOT = iphoneos;
				TARGETED_DEVICE_FAMILY = "1,2";
				VALIDATE_PRODUCT = YES;
			};
			name = Release;
		};
		69702A5D1D40978000859E07 /* Debug */ = {
			isa = XCBuildConfiguration;
			buildSettings = {
				ASSETCATALOG_COMPILER_APPICON_NAME = AppIcon;
				INFOPLIST_FILE = constraintApp/Info.plist;
				LD_RUNPATH_SEARCH_PATHS = "$(inherited) @executable_path/Frameworks";
				PRODUCT_BUNDLE_IDENTIFIER = fluxtech.constraintApp;
				PRODUCT_NAME = "$(TARGET_NAME)";
				SWIFT_OBJC_BRIDGING_HEADER = "Constraint-Bridging-Header.h";
			};
			name = Debug;
		};
		69702A5E1D40978000859E07 /* Release */ = {
			isa = XCBuildConfiguration;
			buildSettings = {
				ASSETCATALOG_COMPILER_APPICON_NAME = AppIcon;
				INFOPLIST_FILE = constraintApp/Info.plist;
				LD_RUNPATH_SEARCH_PATHS = "$(inherited) @executable_path/Frameworks";
				PRODUCT_BUNDLE_IDENTIFIER = fluxtech.constraintApp;
				PRODUCT_NAME = "$(TARGET_NAME)";
				SWIFT_OBJC_BRIDGING_HEADER = "Constraint-Bridging-Header.h";
			};
			name = Release;
		};
		69702A601D40978000859E07 /* Debug */ = {
			isa = XCBuildConfiguration;
			buildSettings = {
				BUNDLE_LOADER = "$(TEST_HOST)";
				INFOPLIST_FILE = constraintAppTests/Info.plist;
				LD_RUNPATH_SEARCH_PATHS = "$(inherited) @executable_path/Frameworks @loader_path/Frameworks";
				PRODUCT_BUNDLE_IDENTIFIER = fluxtech.constraintAppTests;
				PRODUCT_NAME = "$(TARGET_NAME)";
				TEST_HOST = "$(BUILT_PRODUCTS_DIR)/constraintApp.app/constraintApp";
			};
			name = Debug;
		};
		69702A611D40978000859E07 /* Release */ = {
			isa = XCBuildConfiguration;
			buildSettings = {
				BUNDLE_LOADER = "$(TEST_HOST)";
				INFOPLIST_FILE = constraintAppTests/Info.plist;
				LD_RUNPATH_SEARCH_PATHS = "$(inherited) @executable_path/Frameworks @loader_path/Frameworks";
				PRODUCT_BUNDLE_IDENTIFIER = fluxtech.constraintAppTests;
				PRODUCT_NAME = "$(TARGET_NAME)";
				TEST_HOST = "$(BUILT_PRODUCTS_DIR)/constraintApp.app/constraintApp";
			};
			name = Release;
		};
		69702A631D40978000859E07 /* Debug */ = {
			isa = XCBuildConfiguration;
			buildSettings = {
				INFOPLIST_FILE = constraintAppUITests/Info.plist;
				LD_RUNPATH_SEARCH_PATHS = "$(inherited) @executable_path/Frameworks @loader_path/Frameworks";
				PRODUCT_BUNDLE_IDENTIFIER = fluxtech.constraintAppUITests;
				PRODUCT_NAME = "$(TARGET_NAME)";
				TEST_TARGET_NAME = constraintApp;
			};
			name = Debug;
		};
		69702A641D40978000859E07 /* Release */ = {
			isa = XCBuildConfiguration;
			buildSettings = {
				INFOPLIST_FILE = constraintAppUITests/Info.plist;
				LD_RUNPATH_SEARCH_PATHS = "$(inherited) @executable_path/Frameworks @loader_path/Frameworks";
				PRODUCT_BUNDLE_IDENTIFIER = fluxtech.constraintAppUITests;
				PRODUCT_NAME = "$(TARGET_NAME)";
				TEST_TARGET_NAME = constraintApp;
			};
			name = Release;
		};
/* End XCBuildConfiguration section */

/* Begin XCConfigurationList section */
		69702A2F1D40978000859E07 /* Build configuration list for PBXProject "constraintApp" */ = {
			isa = XCConfigurationList;
			buildConfigurations = (
				69702A5A1D40978000859E07 /* Debug */,
				69702A5B1D40978000859E07 /* Release */,
			);
			defaultConfigurationIsVisible = 0;
			defaultConfigurationName = Release;
		};
		69702A5C1D40978000859E07 /* Build configuration list for PBXNativeTarget "constraintApp" */ = {
			isa = XCConfigurationList;
			buildConfigurations = (
				69702A5D1D40978000859E07 /* Debug */,
				69702A5E1D40978000859E07 /* Release */,
			);
			defaultConfigurationIsVisible = 0;
		};
		69702A5F1D40978000859E07 /* Build configuration list for PBXNativeTarget "constraintAppTests" */ = {
			isa = XCConfigurationList;
			buildConfigurations = (
				69702A601D40978000859E07 /* Debug */,
				69702A611D40978000859E07 /* Release */,
			);
			defaultConfigurationIsVisible = 0;
		};
		69702A621D40978000859E07 /* Build configuration list for PBXNativeTarget "constraintAppUITests" */ = {
			isa = XCConfigurationList;
			buildConfigurations = (
				69702A631D40978000859E07 /* Debug */,
				69702A641D40978000859E07 /* Release */,
			);
			defaultConfigurationIsVisible = 0;
		};
/* End XCConfigurationList section */
	};
	rootObject = 69702A2C1D40978000859E07 /* Project object */;
}
